
Microsoft Visual Studio Solution File, Format Version 12.00
# Visual Studio Version 17
VisualStudioVersion = 17.3.32929.385
MinimumVisualStudioVersion = 10.0.40219.1
Project("{FAE04EC0-301F-11D3-BF4B-00C04F79EFBC}") = "FASSET.eCheckIn_v1", "FASSET.eCheckIn_v1\FASSET.eCheckIn_v1.csproj", "{1C8A0532-5D67-4FD7-9F81-96369A6A0AF3}"
EndProject
Global
	GlobalSection(SolutionConfigurationPlatforms) = preSolution
		Debug|Any CPU = Debug|Any CPU
		Release|Any CPU = Release|Any CPU
	EndGlobalSection
	GlobalSection(ProjectConfigurationPlatforms) = postSolution
		{1C8A0532-5D67-4FD7-9F81-96369A6A0AF3}.Debug|Any CPU.ActiveCfg = Debug|Any CPU
		{1C8A0532-5D67-4FD7-9F81-96369A6A0AF3}.Debug|Any CPU.Build.0 = Debug|Any CPU
		{1C8A0532-5D67-4FD7-9F81-96369A6A0AF3}.Release|Any CPU.ActiveCfg = Release|Any CPU
		{1C8A0532-5D67-4FD7-9F81-96369A6A0AF3}.Release|Any CPU.Build.0 = Release|Any CPU
	EndGlobalSection
	GlobalSection(SolutionProperties) = preSolution
		HideSolutionNode = FALSE
	EndGlobalSection
	GlobalSection(ExtensibilityGlobals) = postSolution
		SolutionGuid = {DCC8E10A-44FB-4AF3-B125-8B23ACB4166B}
	EndGlobalSection
EndGlobal
